
Microsoft Visual Studio Solution File, Format Version 12.00
# Visual Studio Version 16
VisualStudioVersion = 16.0.30413.136
MinimumVisualStudioVersion = 10.0.40219.1
Project("{9A19103F-16F7-4668-BE54-9A1E7A4F7556}") = "LambdaQueueProcessor", "LambdaQueueProcessor\LambdaQueueProcessor.csproj", "{B4F41CDA-03BB-43C5-BD59-764318433BBD}"
EndProject
Global
	GlobalSection(SolutionConfigurationPlatforms) = preSolution
		Debug|Any CPU = Debug|Any CPU
		Release|Any CPU = Release|Any CPU
	EndGlobalSection
	GlobalSection(ProjectConfigurationPlatforms) = postSolution
		{B4F41CDA-03BB-43C5-BD59-764318433BBD}.Debug|Any CPU.ActiveCfg = Debug|Any CPU
		{B4F41CDA-03BB-43C5-BD59-764318433BBD}.Debug|Any CPU.Build.0 = Debug|Any CPU
		{B4F41CDA-03BB-43C5-BD59-764318433BBD}.Release|Any CPU.ActiveCfg = Release|Any CPU
		{B4F41CDA-03BB-43C5-BD59-764318433BBD}.Release|Any CPU.Build.0 = Release|Any CPU
	EndGlobalSection
	GlobalSection(SolutionProperties) = preSolution
		HideSolutionNode = FALSE
	EndGlobalSection
	GlobalSection(ExtensibilityGlobals) = postSolution
		SolutionGuid = {F1E79D16-FFAA-4763-ACD3-6D0778134B3D}
	EndGlobalSection
EndGlobal
